
Microsoft Visual Studio Solution File, Format Version 12.00
# Visual Studio Version 17
VisualStudioVersion = 17.6.33723.286
MinimumVisualStudioVersion = 10.0.40219.1
Project("{FAE04EC0-301F-11D3-BF4B-00C04F79EFBC}") = "Pajama Party", "Pajama Party\Pajama Party.csproj", "{7CA58C58-8DB2-49C6-B22A-5B7838E4FE42}"
EndProject
Global
	GlobalSection(SolutionConfigurationPlatforms) = preSolution
		Debug|Any CPU = Debug|Any CPU
		Release|Any CPU = Release|Any CPU
	EndGlobalSection
	GlobalSection(ProjectConfigurationPlatforms) = postSolution
		{7CA58C58-8DB2-49C6-B22A-5B7838E4FE42}.Debug|Any CPU.ActiveCfg = Debug|Any CPU
		{7CA58C58-8DB2-49C6-B22A-5B7838E4FE42}.Debug|Any CPU.Build.0 = Debug|Any CPU
		{7CA58C58-8DB2-49C6-B22A-5B7838E4FE42}.Release|Any CPU.ActiveCfg = Release|Any CPU
		{7CA58C58-8DB2-49C6-B22A-5B7838E4FE42}.Release|Any CPU.Build.0 = Release|Any CPU
	EndGlobalSection
	GlobalSection(SolutionProperties) = preSolution
		HideSolutionNode = FALSE
	EndGlobalSection
	GlobalSection(ExtensibilityGlobals) = postSolution
		SolutionGuid = {DBA8CC1A-11FC-4434-B431-72F141BF9A82}
	EndGlobalSection
EndGlobal
